// !$*UTF8*$!
{
	archiveVersion = 1;
	classes = {
	};
	objectVersion = 52;
	objects = {

/* Begin PBXBuildFile section */
		149E62255A19301EC3B7FEE1 /* Pods_Peak_a_CardTests.framework in Frameworks */ = {isa = PBXBuildFile; fileRef = 9025946ABC887610E3A3FE56 /* Pods_Peak_a_CardTests.framework */; };
		5F27C8FC0343DC11FA59DAC1 /* Pods_Peak_a_Card.framework in Frameworks */ = {isa = PBXBuildFile; fileRef = FFB07D3E3800C99290B54200 /* Pods_Peak_a_Card.framework */; };
		7213F6EB243CAB79003A53E3 /* SessionRepository.swift in Sources */ = {isa = PBXBuildFile; fileRef = 7213F6EA243CAB79003A53E3 /* SessionRepository.swift */; };
		7213F6EE243CC85B003A53E3 /* SessionDataServiceLocator.swift in Sources */ = {isa = PBXBuildFile; fileRef = 7213F6ED243CC85B003A53E3 /* SessionDataServiceLocator.swift */; };
		7213F741243CD3E2003A53E3 /* JoinSessionUseCase.swift in Sources */ = {isa = PBXBuildFile; fileRef = 7213F740243CD3E2003A53E3 /* JoinSessionUseCase.swift */; };
		7213F744243CD4CA003A53E3 /* SessionDomainServiceLocator.swift in Sources */ = {isa = PBXBuildFile; fileRef = 7213F743243CD4CA003A53E3 /* SessionDomainServiceLocator.swift */; };
		7213F746243CE020003A53E3 /* AsynchronousError.swift in Sources */ = {isa = PBXBuildFile; fileRef = 7213F745243CE020003A53E3 /* AsynchronousError.swift */; };
		721664C224084B9400C9A0FF /* CardDataModel.swift in Sources */ = {isa = PBXBuildFile; fileRef = 721664C124084B9400C9A0FF /* CardDataModel.swift */; };
		721664C624084BE000C9A0FF /* InMemoryCardsDataSource.swift in Sources */ = {isa = PBXBuildFile; fileRef = 721664C524084BE000C9A0FF /* InMemoryCardsDataSource.swift */; };
		721664C924084CAB00C9A0FF /* CardsRepository.swift in Sources */ = {isa = PBXBuildFile; fileRef = 721664C824084CAB00C9A0FF /* CardsRepository.swift */; };
		721664CD24084D1000C9A0FF /* CardDomainModel.swift in Sources */ = {isa = PBXBuildFile; fileRef = 721664CC24084D1000C9A0FF /* CardDomainModel.swift */; };
		721664D024084D8C00C9A0FF /* GetCardsUseCase.swift in Sources */ = {isa = PBXBuildFile; fileRef = 721664CF24084D8C00C9A0FF /* GetCardsUseCase.swift */; };
		7231912023F70A9100A3ECFC /* HostingViewController.swift in Sources */ = {isa = PBXBuildFile; fileRef = 7231911F23F70A9100A3ECFC /* HostingViewController.swift */; };
		7231912A23F7F38E00A3ECFC /* Card.swift in Sources */ = {isa = PBXBuildFile; fileRef = 7231912923F7F38E00A3ECFC /* Card.swift */; };
		7231912E23F89ACF00A3ECFC /* AppState.swift in Sources */ = {isa = PBXBuildFile; fileRef = 7231912D23F89ACF00A3ECFC /* AppState.swift */; };
		7231913123F89B4000A3ECFC /* AppAction.swift in Sources */ = {isa = PBXBuildFile; fileRef = 7231913023F89B4000A3ECFC /* AppAction.swift */; };
		7231913423F89C1A00A3ECFC /* AppReducer.swift in Sources */ = {isa = PBXBuildFile; fileRef = 7231913323F89C1A00A3ECFC /* AppReducer.swift */; };
		7231913723F89F3100A3ECFC /* AppStore.swift in Sources */ = {isa = PBXBuildFile; fileRef = 7231913623F89F3100A3ECFC /* AppStore.swift */; };
		7232AEE523F477B700FAEAA9 /* AppDelegate.swift in Sources */ = {isa = PBXBuildFile; fileRef = 7232AEE423F477B700FAEAA9 /* AppDelegate.swift */; };
		7232AEE723F477B700FAEAA9 /* SceneDelegate.swift in Sources */ = {isa = PBXBuildFile; fileRef = 7232AEE623F477B700FAEAA9 /* SceneDelegate.swift */; };
		7232AEE923F477B700FAEAA9 /* CardsView.swift in Sources */ = {isa = PBXBuildFile; fileRef = 7232AEE823F477B700FAEAA9 /* CardsView.swift */; };
		7232AEEB23F477BA00FAEAA9 /* Assets.xcassets in Resources */ = {isa = PBXBuildFile; fileRef = 7232AEEA23F477BA00FAEAA9 /* Assets.xcassets */; };
		7232AEEE23F477BA00FAEAA9 /* Preview Assets.xcassets in Resources */ = {isa = PBXBuildFile; fileRef = 7232AEED23F477BA00FAEAA9 /* Preview Assets.xcassets */; };
		7232AEF123F477BB00FAEAA9 /* LaunchScreen.storyboard in Resources */ = {isa = PBXBuildFile; fileRef = 7232AEEF23F477BB00FAEAA9 /* LaunchScreen.storyboard */; };
		7232AEFC23F477BB00FAEAA9 /* Peak_a_CardTests.swift in Sources */ = {isa = PBXBuildFile; fileRef = 7232AEFB23F477BB00FAEAA9 /* Peak_a_CardTests.swift */; };
		7232AF0E23F5BFDD00FAEAA9 /* CardView.swift in Sources */ = {isa = PBXBuildFile; fileRef = 7232AF0D23F5BFDD00FAEAA9 /* CardView.swift */; };
		7232AF1023F5C63700FAEAA9 /* Colors.xcassets in Resources */ = {isa = PBXBuildFile; fileRef = 7232AF0F23F5C63700FAEAA9 /* Colors.xcassets */; };
		723FABF1240A9F2900226D43 /* CardDetailView.swift in Sources */ = {isa = PBXBuildFile; fileRef = 723FABF0240A9F2900226D43 /* CardDetailView.swift */; };
		723FABF5240B0B6900226D43 /* DataServiceLocator.swift in Sources */ = {isa = PBXBuildFile; fileRef = 723FABF4240B0B6900226D43 /* DataServiceLocator.swift */; };
		723FAC9D240B0C4900226D43 /* CardsDataServiceLocator.swift in Sources */ = {isa = PBXBuildFile; fileRef = 723FAC9C240B0C4900226D43 /* CardsDataServiceLocator.swift */; };
		723FACA2240B0E6E00226D43 /* DomainServiceLocator.swift in Sources */ = {isa = PBXBuildFile; fileRef = 723FACA1240B0E6E00226D43 /* DomainServiceLocator.swift */; };
		723FACA4240B0EEA00226D43 /* CardsDomainServiceLocator.swift in Sources */ = {isa = PBXBuildFile; fileRef = 723FACA3240B0EEA00226D43 /* CardsDomainServiceLocator.swift */; };
		723FACAA240B1FB400226D43 /* CardBackView.swift in Sources */ = {isa = PBXBuildFile; fileRef = 723FACA9240B1FB400226D43 /* CardBackView.swift */; };
		72433A03243BAADC00FCD598 /* VotationDataModel.swift in Sources */ = {isa = PBXBuildFile; fileRef = 72433A02243BAADC00FCD598 /* VotationDataModel.swift */; };
		72433A07243BAB9700FCD598 /* SessionRemoteDataSource.swift in Sources */ = {isa = PBXBuildFile; fileRef = 72433A06243BAB9700FCD598 /* SessionRemoteDataSource.swift */; };
		724DCA672440F45D0042F6DB /* UserDataModel.swift in Sources */ = {isa = PBXBuildFile; fileRef = 724DCA662440F45D0042F6DB /* UserDataModel.swift */; };
		724DCA6B244110F80042F6DB /* UserDomainModel.swift in Sources */ = {isa = PBXBuildFile; fileRef = 724DCA6A244110F80042F6DB /* UserDomainModel.swift */; };
		724DCA70244113150042F6DB /* Participant.swift in Sources */ = {isa = PBXBuildFile; fileRef = 724DCA6F244113150042F6DB /* Participant.swift */; };
		724DCB4E24424BA20042F6DB /* FirebaseInitializationTask.swift in Sources */ = {isa = PBXBuildFile; fileRef = 724DCB4D24424BA20042F6DB /* FirebaseInitializationTask.swift */; };
		724DCB5024424C8A0042F6DB /* AppearanceSetupTask.swift in Sources */ = {isa = PBXBuildFile; fileRef = 724DCB4F24424C8A0042F6DB /* AppearanceSetupTask.swift */; };
		724DCB5224425DDB0042F6DB /* User.swift in Sources */ = {isa = PBXBuildFile; fileRef = 724DCB5124425DDB0042F6DB /* User.swift */; };
		724DCB5424434E770042F6DB /* VerifySessionUseCase.swift in Sources */ = {isa = PBXBuildFile; fileRef = 724DCB5324434E770042F6DB /* VerifySessionUseCase.swift */; };
		724DCB5724435DD50042F6DB /* GoogleButton.swift in Sources */ = {isa = PBXBuildFile; fileRef = 724DCB5624435DD50042F6DB /* GoogleButton.swift */; };
		724DCB5A244368960042F6DB /* AppleButton.swift in Sources */ = {isa = PBXBuildFile; fileRef = 724DCB59244368960042F6DB /* AppleButton.swift */; };
		724DCB5F24446CD60042F6DB /* ParticipantDataModel.swift in Sources */ = {isa = PBXBuildFile; fileRef = 724DCB5E24446CD60042F6DB /* ParticipantDataModel.swift */; };
		724DCB6124446CF90042F6DB /* ParticipantsRepository.swift in Sources */ = {isa = PBXBuildFile; fileRef = 724DCB6024446CF90042F6DB /* ParticipantsRepository.swift */; };
		724DCB6524446D420042F6DB /* ParticipantDomainModel.swift in Sources */ = {isa = PBXBuildFile; fileRef = 724DCB6424446D420042F6DB /* ParticipantDomainModel.swift */; };
		724DCB6824446DA10042F6DB /* ParticipantRemoteDataSource.swift in Sources */ = {isa = PBXBuildFile; fileRef = 724DCB6724446DA10042F6DB /* ParticipantRemoteDataSource.swift */; };
		724DCB6B24446FEB0042F6DB /* GetAllParticipantsUseCase.swift in Sources */ = {isa = PBXBuildFile; fileRef = 724DCB6A24446FEB0042F6DB /* GetAllParticipantsUseCase.swift */; };
		724DCB6E244470D60042F6DB /* WaitVotingView.swift in Sources */ = {isa = PBXBuildFile; fileRef = 724DCB6D244470D60042F6DB /* WaitVotingView.swift */; };
		724DCB7D2444ACBA0042F6DB /* VotationsRemoteDataSource.swift in Sources */ = {isa = PBXBuildFile; fileRef = 724DCB7C2444ACBA0042F6DB /* VotationsRemoteDataSource.swift */; };
		724DCB7F2444AE810042F6DB /* VotationsRepository.swift in Sources */ = {isa = PBXBuildFile; fileRef = 724DCB7E2444AE810042F6DB /* VotationsRepository.swift */; };
		724DCB832444AEE80042F6DB /* VotationDomainModel.swift in Sources */ = {isa = PBXBuildFile; fileRef = 724DCB822444AEE80042F6DB /* VotationDomainModel.swift */; };
		724DCB872444B38F0042F6DB /* Votation.swift in Sources */ = {isa = PBXBuildFile; fileRef = 724DCB862444B38F0042F6DB /* Votation.swift */; };
		724DCB8A2444B6830042F6DB /* GetAllVotationsUseCase.swift in Sources */ = {isa = PBXBuildFile; fileRef = 724DCB892444B6830042F6DB /* GetAllVotationsUseCase.swift */; };
		724DCB8E2444B7430042F6DB /* VotationDataServiceLocator.swift in Sources */ = {isa = PBXBuildFile; fileRef = 724DCB8D2444B7430042F6DB /* VotationDataServiceLocator.swift */; };
		724DCB912444B7D90042F6DB /* VotationDomainServiceLocator.swift in Sources */ = {isa = PBXBuildFile; fileRef = 724DCB902444B7D90042F6DB /* VotationDomainServiceLocator.swift */; };
		724DCB932444BF190042F6DB /* SubmitVotationUseCae.swift in Sources */ = {isa = PBXBuildFile; fileRef = 724DCB922444BF190042F6DB /* SubmitVotationUseCae.swift */; };
		724DCB962444E5420042F6DB /* WaitVotersView.swift in Sources */ = {isa = PBXBuildFile; fileRef = 724DCB952444E5420042F6DB /* WaitVotersView.swift */; };
		724DCB992444F46A0042F6DB /* VotingResultsView.swift in Sources */ = {isa = PBXBuildFile; fileRef = 724DCB982444F46A0042F6DB /* VotingResultsView.swift */; };
		724DCD8224460D430042F6DB /* LoadingView.swift in Sources */ = {isa = PBXBuildFile; fileRef = 724DCD8124460D430042F6DB /* LoadingView.swift */; };
		724DCD8524460E590042F6DB /* BlurView.swift in Sources */ = {isa = PBXBuildFile; fileRef = 724DCD8424460E590042F6DB /* BlurView.swift */; };
		726FF3AB2454315400929564 /* ParticipantVotationDomainModel.swift in Sources */ = {isa = PBXBuildFile; fileRef = 726FF3AA2454315400929564 /* ParticipantVotationDomainModel.swift */; };
		726FF3AD24543C9200929564 /* ParticipantVotation.swift in Sources */ = {isa = PBXBuildFile; fileRef = 726FF3AC24543C9200929564 /* ParticipantVotation.swift */; };
		726FF3AF24543ED300929564 /* GroupedVotations.swift in Sources */ = {isa = PBXBuildFile; fileRef = 726FF3AE24543ED300929564 /* GroupedVotations.swift */; };
		7275F5BF23F5C81800A8DF54 /* Colors.swift in Sources */ = {isa = PBXBuildFile; fileRef = 7275F5BE23F5C81800A8DF54 /* Colors.swift */; };
		7275F67123F5D60400A8DF54 /* GridStack in Frameworks */ = {isa = PBXBuildFile; productRef = 7275F67023F5D60400A8DF54 /* GridStack */; };
		7275F67423F67F6000A8DF54 /* Stylesheet.swift in Sources */ = {isa = PBXBuildFile; fileRef = 7275F67323F67F6000A8DF54 /* Stylesheet.swift */; };
		7275F67623F67F6D00A8DF54 /* MainTheme.swift in Sources */ = {isa = PBXBuildFile; fileRef = 7275F67523F67F6D00A8DF54 /* MainTheme.swift */; };
		7275F67823F67F8000A8DF54 /* StylesheetTheme.swift in Sources */ = {isa = PBXBuildFile; fileRef = 7275F67723F67F8000A8DF54 /* StylesheetTheme.swift */; };
		7275F70623F6868B00A8DF54 /* Localizable.strings in Resources */ = {isa = PBXBuildFile; fileRef = 7275F70423F6868A00A8DF54 /* Localizable.strings */; };
		727BF63A244A1A0A0001F8D4 /* ParticipantDomainServiceLocator.swift in Sources */ = {isa = PBXBuildFile; fileRef = 727BF639244A1A090001F8D4 /* ParticipantDomainServiceLocator.swift */; };
		727BF63C244A1A130001F8D4 /* RemoveParticipantUseCase.swift in Sources */ = {isa = PBXBuildFile; fileRef = 727BF63B244A1A120001F8D4 /* RemoveParticipantUseCase.swift */; };
		72955A0F244A1D5A00C7F363 /* ParticipantDataServiceLocator.swift in Sources */ = {isa = PBXBuildFile; fileRef = 72955A0E244A1D5A00C7F363 /* ParticipantDataServiceLocator.swift */; };
		72955A11244A1E2000C7F363 /* GoogleService-Info.plist in Resources */ = {isa = PBXBuildFile; fileRef = 72955A10244A1E2000C7F363 /* GoogleService-Info.plist */; };
		72AA2389243B77E200D2D1E6 /* JoinSessionView.swift in Sources */ = {isa = PBXBuildFile; fileRef = 72AA2388243B77E200D2D1E6 /* JoinSessionView.swift */; };
		72AA238C243B89B700D2D1E6 /* ActivityIndicator.swift in Sources */ = {isa = PBXBuildFile; fileRef = 72AA238B243B89B700D2D1E6 /* ActivityIndicator.swift */; };
		72AA238F243B91B100D2D1E6 /* ContainerView.swift in Sources */ = {isa = PBXBuildFile; fileRef = 72AA238E243B91B100D2D1E6 /* ContainerView.swift */; };
/* End PBXBuildFile section */

/* Begin PBXContainerItemProxy section */
		7232AEF823F477BB00FAEAA9 /* PBXContainerItemProxy */ = {
			isa = PBXContainerItemProxy;
			containerPortal = 7232AED923F477B700FAEAA9 /* Project object */;
			proxyType = 1;
			remoteGlobalIDString = 7232AEE023F477B700FAEAA9;
			remoteInfo = "Peak a Card";
		};
/* End PBXContainerItemProxy section */

/* Begin PBXFileReference section */
		361731B905CE1D83E673837D /* Pods-Peak a CardTests.release.xcconfig */ = {isa = PBXFileReference; includeInIndex = 1; lastKnownFileType = text.xcconfig; name = "Pods-Peak a CardTests.release.xcconfig"; path = "Target Support Files/Pods-Peak a CardTests/Pods-Peak a CardTests.release.xcconfig"; sourceTree = "<group>"; };
		5EE77B329CEC8D32A7683171 /* Pods-Peak a Card.debug.xcconfig */ = {isa = PBXFileReference; includeInIndex = 1; lastKnownFileType = text.xcconfig; name = "Pods-Peak a Card.debug.xcconfig"; path = "Target Support Files/Pods-Peak a Card/Pods-Peak a Card.debug.xcconfig"; sourceTree = "<group>"; };
		7213F6EA243CAB79003A53E3 /* SessionRepository.swift */ = {isa = PBXFileReference; lastKnownFileType = sourcecode.swift; path = SessionRepository.swift; sourceTree = "<group>"; };
		7213F6ED243CC85B003A53E3 /* SessionDataServiceLocator.swift */ = {isa = PBXFileReference; lastKnownFileType = sourcecode.swift; path = SessionDataServiceLocator.swift; sourceTree = "<group>"; };
		7213F740243CD3E2003A53E3 /* JoinSessionUseCase.swift */ = {isa = PBXFileReference; lastKnownFileType = sourcecode.swift; path = JoinSessionUseCase.swift; sourceTree = "<group>"; };
		7213F743243CD4CA003A53E3 /* SessionDomainServiceLocator.swift */ = {isa = PBXFileReference; lastKnownFileType = sourcecode.swift; path = SessionDomainServiceLocator.swift; sourceTree = "<group>"; };
		7213F745243CE020003A53E3 /* AsynchronousError.swift */ = {isa = PBXFileReference; lastKnownFileType = sourcecode.swift; path = AsynchronousError.swift; sourceTree = "<group>"; };
		721664C124084B9400C9A0FF /* CardDataModel.swift */ = {isa = PBXFileReference; lastKnownFileType = sourcecode.swift; path = CardDataModel.swift; sourceTree = "<group>"; };
		721664C524084BE000C9A0FF /* InMemoryCardsDataSource.swift */ = {isa = PBXFileReference; lastKnownFileType = sourcecode.swift; path = InMemoryCardsDataSource.swift; sourceTree = "<group>"; };
		721664C824084CAB00C9A0FF /* CardsRepository.swift */ = {isa = PBXFileReference; lastKnownFileType = sourcecode.swift; path = CardsRepository.swift; sourceTree = "<group>"; };
		721664CC24084D1000C9A0FF /* CardDomainModel.swift */ = {isa = PBXFileReference; lastKnownFileType = sourcecode.swift; path = CardDomainModel.swift; sourceTree = "<group>"; };
		721664CF24084D8C00C9A0FF /* GetCardsUseCase.swift */ = {isa = PBXFileReference; lastKnownFileType = sourcecode.swift; path = GetCardsUseCase.swift; sourceTree = "<group>"; };
		7231911F23F70A9100A3ECFC /* HostingViewController.swift */ = {isa = PBXFileReference; lastKnownFileType = sourcecode.swift; path = HostingViewController.swift; sourceTree = "<group>"; };
		7231912923F7F38E00A3ECFC /* Card.swift */ = {isa = PBXFileReference; lastKnownFileType = sourcecode.swift; path = Card.swift; sourceTree = "<group>"; };
		7231912D23F89ACF00A3ECFC /* AppState.swift */ = {isa = PBXFileReference; lastKnownFileType = sourcecode.swift; path = AppState.swift; sourceTree = "<group>"; };
		7231913023F89B4000A3ECFC /* AppAction.swift */ = {isa = PBXFileReference; lastKnownFileType = sourcecode.swift; path = AppAction.swift; sourceTree = "<group>"; };
		7231913323F89C1A00A3ECFC /* AppReducer.swift */ = {isa = PBXFileReference; lastKnownFileType = sourcecode.swift; path = AppReducer.swift; sourceTree = "<group>"; };
		7231913623F89F3100A3ECFC /* AppStore.swift */ = {isa = PBXFileReference; lastKnownFileType = sourcecode.swift; path = AppStore.swift; sourceTree = "<group>"; };
		7232AEE123F477B700FAEAA9 /* Peak a Card.app */ = {isa = PBXFileReference; explicitFileType = wrapper.application; includeInIndex = 0; path = "Peak a Card.app"; sourceTree = BUILT_PRODUCTS_DIR; };
		7232AEE423F477B700FAEAA9 /* AppDelegate.swift */ = {isa = PBXFileReference; lastKnownFileType = sourcecode.swift; path = AppDelegate.swift; sourceTree = "<group>"; };
		7232AEE623F477B700FAEAA9 /* SceneDelegate.swift */ = {isa = PBXFileReference; lastKnownFileType = sourcecode.swift; path = SceneDelegate.swift; sourceTree = "<group>"; };
		7232AEE823F477B700FAEAA9 /* CardsView.swift */ = {isa = PBXFileReference; lastKnownFileType = sourcecode.swift; path = CardsView.swift; sourceTree = "<group>"; };
		7232AEEA23F477BA00FAEAA9 /* Assets.xcassets */ = {isa = PBXFileReference; lastKnownFileType = folder.assetcatalog; path = Assets.xcassets; sourceTree = "<group>"; };
		7232AEED23F477BA00FAEAA9 /* Preview Assets.xcassets */ = {isa = PBXFileReference; lastKnownFileType = folder.assetcatalog; path = "Preview Assets.xcassets"; sourceTree = "<group>"; };
		7232AEF023F477BB00FAEAA9 /* Base */ = {isa = PBXFileReference; lastKnownFileType = file.storyboard; name = Base; path = Base.lproj/LaunchScreen.storyboard; sourceTree = "<group>"; };
		7232AEF223F477BB00FAEAA9 /* Info.plist */ = {isa = PBXFileReference; lastKnownFileType = text.plist.xml; path = Info.plist; sourceTree = "<group>"; };
		7232AEF723F477BB00FAEAA9 /* Peak a CardTests.xctest */ = {isa = PBXFileReference; explicitFileType = wrapper.cfbundle; includeInIndex = 0; path = "Peak a CardTests.xctest"; sourceTree = BUILT_PRODUCTS_DIR; };
		7232AEFB23F477BB00FAEAA9 /* Peak_a_CardTests.swift */ = {isa = PBXFileReference; lastKnownFileType = sourcecode.swift; path = Peak_a_CardTests.swift; sourceTree = "<group>"; };
		7232AEFD23F477BB00FAEAA9 /* Info.plist */ = {isa = PBXFileReference; lastKnownFileType = text.plist.xml; path = Info.plist; sourceTree = "<group>"; };
		7232AF0D23F5BFDD00FAEAA9 /* CardView.swift */ = {isa = PBXFileReference; lastKnownFileType = sourcecode.swift; path = CardView.swift; sourceTree = "<group>"; };
		7232AF0F23F5C63700FAEAA9 /* Colors.xcassets */ = {isa = PBXFileReference; lastKnownFileType = folder.assetcatalog; path = Colors.xcassets; sourceTree = "<group>"; };
		723FABF0240A9F2900226D43 /* CardDetailView.swift */ = {isa = PBXFileReference; lastKnownFileType = sourcecode.swift; path = CardDetailView.swift; sourceTree = "<group>"; };
		723FABF4240B0B6900226D43 /* DataServiceLocator.swift */ = {isa = PBXFileReference; lastKnownFileType = sourcecode.swift; path = DataServiceLocator.swift; sourceTree = "<group>"; };
		723FAC9C240B0C4900226D43 /* CardsDataServiceLocator.swift */ = {isa = PBXFileReference; lastKnownFileType = sourcecode.swift; path = CardsDataServiceLocator.swift; sourceTree = "<group>"; };
		723FACA1240B0E6E00226D43 /* DomainServiceLocator.swift */ = {isa = PBXFileReference; lastKnownFileType = sourcecode.swift; path = DomainServiceLocator.swift; sourceTree = "<group>"; };
		723FACA3240B0EEA00226D43 /* CardsDomainServiceLocator.swift */ = {isa = PBXFileReference; lastKnownFileType = sourcecode.swift; path = CardsDomainServiceLocator.swift; sourceTree = "<group>"; };
		723FACA9240B1FB400226D43 /* CardBackView.swift */ = {isa = PBXFileReference; lastKnownFileType = sourcecode.swift; path = CardBackView.swift; sourceTree = "<group>"; };
		72433A02243BAADC00FCD598 /* VotationDataModel.swift */ = {isa = PBXFileReference; lastKnownFileType = sourcecode.swift; path = VotationDataModel.swift; sourceTree = "<group>"; };
		72433A06243BAB9700FCD598 /* SessionRemoteDataSource.swift */ = {isa = PBXFileReference; lastKnownFileType = sourcecode.swift; path = SessionRemoteDataSource.swift; sourceTree = "<group>"; };
		724DCA662440F45D0042F6DB /* UserDataModel.swift */ = {isa = PBXFileReference; lastKnownFileType = sourcecode.swift; path = UserDataModel.swift; sourceTree = "<group>"; };
		724DCA6A244110F80042F6DB /* UserDomainModel.swift */ = {isa = PBXFileReference; lastKnownFileType = sourcecode.swift; path = UserDomainModel.swift; sourceTree = "<group>"; };
		724DCA6F244113150042F6DB /* Participant.swift */ = {isa = PBXFileReference; lastKnownFileType = sourcecode.swift; path = Participant.swift; sourceTree = "<group>"; };
		724DCB4D24424BA20042F6DB /* FirebaseInitializationTask.swift */ = {isa = PBXFileReference; lastKnownFileType = sourcecode.swift; path = FirebaseInitializationTask.swift; sourceTree = "<group>"; };
		724DCB4F24424C8A0042F6DB /* AppearanceSetupTask.swift */ = {isa = PBXFileReference; lastKnownFileType = sourcecode.swift; path = AppearanceSetupTask.swift; sourceTree = "<group>"; };
		724DCB5124425DDB0042F6DB /* User.swift */ = {isa = PBXFileReference; lastKnownFileType = sourcecode.swift; path = User.swift; sourceTree = "<group>"; };
		724DCB5324434E770042F6DB /* VerifySessionUseCase.swift */ = {isa = PBXFileReference; lastKnownFileType = sourcecode.swift; path = VerifySessionUseCase.swift; sourceTree = "<group>"; };
		724DCB5524435BB90042F6DB /* Peak a Card.entitlements */ = {isa = PBXFileReference; lastKnownFileType = text.plist.entitlements; path = "Peak a Card.entitlements"; sourceTree = "<group>"; };
		724DCB5624435DD50042F6DB /* GoogleButton.swift */ = {isa = PBXFileReference; lastKnownFileType = sourcecode.swift; path = GoogleButton.swift; sourceTree = "<group>"; };
		724DCB59244368960042F6DB /* AppleButton.swift */ = {isa = PBXFileReference; lastKnownFileType = sourcecode.swift; path = AppleButton.swift; sourceTree = "<group>"; };
		724DCB5E24446CD60042F6DB /* ParticipantDataModel.swift */ = {isa = PBXFileReference; lastKnownFileType = sourcecode.swift; path = ParticipantDataModel.swift; sourceTree = "<group>"; };
		724DCB6024446CF90042F6DB /* ParticipantsRepository.swift */ = {isa = PBXFileReference; lastKnownFileType = sourcecode.swift; name = ParticipantsRepository.swift; path = "Peak a Card/Data/Participant/Model/ParticipantsRepository.swift"; sourceTree = SOURCE_ROOT; };
		724DCB6424446D420042F6DB /* ParticipantDomainModel.swift */ = {isa = PBXFileReference; lastKnownFileType = sourcecode.swift; path = ParticipantDomainModel.swift; sourceTree = "<group>"; };
		724DCB6724446DA10042F6DB /* ParticipantRemoteDataSource.swift */ = {isa = PBXFileReference; lastKnownFileType = sourcecode.swift; name = ParticipantRemoteDataSource.swift; path = "Peak a Card/Domain/Participant/Model/ParticipantRemoteDataSource.swift"; sourceTree = SOURCE_ROOT; };
		724DCB6A24446FEB0042F6DB /* GetAllParticipantsUseCase.swift */ = {isa = PBXFileReference; lastKnownFileType = sourcecode.swift; name = GetAllParticipantsUseCase.swift; path = "Peak a Card/Domain/Participant/Model/GetAllParticipantsUseCase.swift"; sourceTree = SOURCE_ROOT; };
		724DCB6D244470D60042F6DB /* WaitVotingView.swift */ = {isa = PBXFileReference; lastKnownFileType = sourcecode.swift; path = WaitVotingView.swift; sourceTree = "<group>"; };
		724DCB7C2444ACBA0042F6DB /* VotationsRemoteDataSource.swift */ = {isa = PBXFileReference; lastKnownFileType = sourcecode.swift; path = VotationsRemoteDataSource.swift; sourceTree = "<group>"; };
		724DCB7E2444AE810042F6DB /* VotationsRepository.swift */ = {isa = PBXFileReference; lastKnownFileType = sourcecode.swift; path = VotationsRepository.swift; sourceTree = "<group>"; };
		724DCB822444AEE80042F6DB /* VotationDomainModel.swift */ = {isa = PBXFileReference; lastKnownFileType = sourcecode.swift; path = VotationDomainModel.swift; sourceTree = "<group>"; };
		724DCB862444B38F0042F6DB /* Votation.swift */ = {isa = PBXFileReference; lastKnownFileType = sourcecode.swift; path = Votation.swift; sourceTree = "<group>"; };
		724DCB892444B6830042F6DB /* GetAllVotationsUseCase.swift */ = {isa = PBXFileReference; lastKnownFileType = sourcecode.swift; path = GetAllVotationsUseCase.swift; sourceTree = "<group>"; };
		724DCB8D2444B7430042F6DB /* VotationDataServiceLocator.swift */ = {isa = PBXFileReference; lastKnownFileType = sourcecode.swift; path = VotationDataServiceLocator.swift; sourceTree = "<group>"; };
		724DCB902444B7D90042F6DB /* VotationDomainServiceLocator.swift */ = {isa = PBXFileReference; lastKnownFileType = sourcecode.swift; path = VotationDomainServiceLocator.swift; sourceTree = "<group>"; };
		724DCB922444BF190042F6DB /* SubmitVotationUseCae.swift */ = {isa = PBXFileReference; lastKnownFileType = sourcecode.swift; path = SubmitVotationUseCae.swift; sourceTree = "<group>"; };
		724DCB952444E5420042F6DB /* WaitVotersView.swift */ = {isa = PBXFileReference; lastKnownFileType = sourcecode.swift; path = WaitVotersView.swift; sourceTree = "<group>"; };
		724DCB982444F46A0042F6DB /* VotingResultsView.swift */ = {isa = PBXFileReference; lastKnownFileType = sourcecode.swift; path = VotingResultsView.swift; sourceTree = "<group>"; };
		724DCD8124460D430042F6DB /* LoadingView.swift */ = {isa = PBXFileReference; lastKnownFileType = sourcecode.swift; path = LoadingView.swift; sourceTree = "<group>"; };
		724DCD8424460E590042F6DB /* BlurView.swift */ = {isa = PBXFileReference; lastKnownFileType = sourcecode.swift; path = BlurView.swift; sourceTree = "<group>"; };
		726FF3AA2454315400929564 /* ParticipantVotationDomainModel.swift */ = {isa = PBXFileReference; lastKnownFileType = sourcecode.swift; path = ParticipantVotationDomainModel.swift; sourceTree = "<group>"; };
		726FF3AC24543C9200929564 /* ParticipantVotation.swift */ = {isa = PBXFileReference; lastKnownFileType = sourcecode.swift; path = ParticipantVotation.swift; sourceTree = "<group>"; };
		726FF3AE24543ED300929564 /* GroupedVotations.swift */ = {isa = PBXFileReference; lastKnownFileType = sourcecode.swift; path = GroupedVotations.swift; sourceTree = "<group>"; };
		7275F5BE23F5C81800A8DF54 /* Colors.swift */ = {isa = PBXFileReference; lastKnownFileType = sourcecode.swift; path = Colors.swift; sourceTree = "<group>"; };
		7275F67323F67F6000A8DF54 /* Stylesheet.swift */ = {isa = PBXFileReference; lastKnownFileType = sourcecode.swift; path = Stylesheet.swift; sourceTree = "<group>"; };
		7275F67523F67F6D00A8DF54 /* MainTheme.swift */ = {isa = PBXFileReference; lastKnownFileType = sourcecode.swift; path = MainTheme.swift; sourceTree = "<group>"; };
		7275F67723F67F8000A8DF54 /* StylesheetTheme.swift */ = {isa = PBXFileReference; lastKnownFileType = sourcecode.swift; path = StylesheetTheme.swift; sourceTree = "<group>"; };
		7275F70523F6868A00A8DF54 /* Base */ = {isa = PBXFileReference; lastKnownFileType = text.plist.strings; name = Base; path = "Peak a Card/Base.lproj/Localizable.strings"; sourceTree = SOURCE_ROOT; };
		727BF639244A1A090001F8D4 /* ParticipantDomainServiceLocator.swift */ = {isa = PBXFileReference; fileEncoding = 4; lastKnownFileType = sourcecode.swift; name = ParticipantDomainServiceLocator.swift; path = "Peak a Card/Domain/Participant/ParticipantDomainServiceLocator.swift"; sourceTree = SOURCE_ROOT; };
		727BF63B244A1A120001F8D4 /* RemoveParticipantUseCase.swift */ = {isa = PBXFileReference; fileEncoding = 4; lastKnownFileType = sourcecode.swift; name = RemoveParticipantUseCase.swift; path = "Peak a Card/Domain/Participant/RemoveParticipantUseCase.swift"; sourceTree = SOURCE_ROOT; };
		72955A0E244A1D5A00C7F363 /* ParticipantDataServiceLocator.swift */ = {isa = PBXFileReference; lastKnownFileType = sourcecode.swift; path = ParticipantDataServiceLocator.swift; sourceTree = "<group>"; };
		72955A10244A1E2000C7F363 /* GoogleService-Info.plist */ = {isa = PBXFileReference; fileEncoding = 4; lastKnownFileType = text.plist.xml; path = "GoogleService-Info.plist"; sourceTree = "<group>"; };
		72AA2388243B77E200D2D1E6 /* JoinSessionView.swift */ = {isa = PBXFileReference; lastKnownFileType = sourcecode.swift; path = JoinSessionView.swift; sourceTree = "<group>"; };
		72AA238B243B89B700D2D1E6 /* ActivityIndicator.swift */ = {isa = PBXFileReference; lastKnownFileType = sourcecode.swift; path = ActivityIndicator.swift; sourceTree = "<group>"; };
		72AA238E243B91B100D2D1E6 /* ContainerView.swift */ = {isa = PBXFileReference; lastKnownFileType = sourcecode.swift; path = ContainerView.swift; sourceTree = "<group>"; };
		9025946ABC887610E3A3FE56 /* Pods_Peak_a_CardTests.framework */ = {isa = PBXFileReference; explicitFileType = wrapper.framework; includeInIndex = 0; path = Pods_Peak_a_CardTests.framework; sourceTree = BUILT_PRODUCTS_DIR; };
		C1C8F02427AB968C15D75B52 /* Pods-Peak a CardTests.debug.xcconfig */ = {isa = PBXFileReference; includeInIndex = 1; lastKnownFileType = text.xcconfig; name = "Pods-Peak a CardTests.debug.xcconfig"; path = "Target Support Files/Pods-Peak a CardTests/Pods-Peak a CardTests.debug.xcconfig"; sourceTree = "<group>"; };
		C466A767CAEB1D9B48301DCB /* Pods-Peak a Card.release.xcconfig */ = {isa = PBXFileReference; includeInIndex = 1; lastKnownFileType = text.xcconfig; name = "Pods-Peak a Card.release.xcconfig"; path = "Target Support Files/Pods-Peak a Card/Pods-Peak a Card.release.xcconfig"; sourceTree = "<group>"; };
		FFB07D3E3800C99290B54200 /* Pods_Peak_a_Card.framework */ = {isa = PBXFileReference; explicitFileType = wrapper.framework; includeInIndex = 0; path = Pods_Peak_a_Card.framework; sourceTree = BUILT_PRODUCTS_DIR; };
/* End PBXFileReference section */

/* Begin PBXFrameworksBuildPhase section */
		7232AEDE23F477B700FAEAA9 /* Frameworks */ = {
			isa = PBXFrameworksBuildPhase;
			buildActionMask = 2147483647;
			files = (
				7275F67123F5D60400A8DF54 /* GridStack in Frameworks */,
				5F27C8FC0343DC11FA59DAC1 /* Pods_Peak_a_Card.framework in Frameworks */,
			);
			runOnlyForDeploymentPostprocessing = 0;
		};
		7232AEF423F477BB00FAEAA9 /* Frameworks */ = {
			isa = PBXFrameworksBuildPhase;
			buildActionMask = 2147483647;
			files = (
				149E62255A19301EC3B7FEE1 /* Pods_Peak_a_CardTests.framework in Frameworks */,
			);
			runOnlyForDeploymentPostprocessing = 0;
		};
/* End PBXFrameworksBuildPhase section */

/* Begin PBXGroup section */
		1779808AF7305820938A6AE9 /* Frameworks */ = {
			isa = PBXGroup;
			children = (
				FFB07D3E3800C99290B54200 /* Pods_Peak_a_Card.framework */,
				9025946ABC887610E3A3FE56 /* Pods_Peak_a_CardTests.framework */,
			);
			name = Frameworks;
			sourceTree = "<group>";
		};
		7213F6EC243CC83E003A53E3 /* Service Locator */ = {
			isa = PBXGroup;
			children = (
				7213F6ED243CC85B003A53E3 /* SessionDataServiceLocator.swift */,
			);
			path = "Service Locator";
			sourceTree = "<group>";
		};
		7213F6EF243CCAA6003A53E3 /* Session */ = {
			isa = PBXGroup;
			children = (
				7213F742243CD4BB003A53E3 /* Service Locator */,
				7213F6F1243CCB9B003A53E3 /* Use Case */,
				7213F6F0243CCAB3003A53E3 /* Model */,
			);
			path = Session;
			sourceTree = "<group>";
		};
		7213F6F0243CCAB3003A53E3 /* Model */ = {
			isa = PBXGroup;
			children = (
			);
			path = Model;
			sourceTree = "<group>";
		};
		7213F6F1243CCB9B003A53E3 /* Use Case */ = {
			isa = PBXGroup;
			children = (
				7213F740243CD3E2003A53E3 /* JoinSessionUseCase.swift */,
				724DCB5324434E770042F6DB /* VerifySessionUseCase.swift */,
			);
			path = "Use Case";
			sourceTree = "<group>";
		};
		7213F742243CD4BB003A53E3 /* Service Locator */ = {
			isa = PBXGroup;
			children = (
				7213F743243CD4CA003A53E3 /* SessionDomainServiceLocator.swift */,
			);
			path = "Service Locator";
			sourceTree = "<group>";
		};
		721664BD24084A4F00C9A0FF /* View */ = {
			isa = PBXGroup;
			children = (
				724DCB4C24424B7C0042F6DB /* Application Tasks */,
				72AA2387243B77B500D2D1E6 /* Features */,
				7231912B23F89AAF00A3ECFC /* Redux Core */,
				7231912423F7F1E600A3ECFC /* Presentation */,
				7232AEE423F477B700FAEAA9 /* AppDelegate.swift */,
				7232AEE623F477B700FAEAA9 /* SceneDelegate.swift */,
				7275F70123F6861B00A8DF54 /* Resources */,
				7232AEEF23F477BB00FAEAA9 /* LaunchScreen.storyboard */,
				72955A10244A1E2000C7F363 /* GoogleService-Info.plist */,
				7232AEF223F477BB00FAEAA9 /* Info.plist */,
				7232AEEC23F477BA00FAEAA9 /* Preview Content */,
			);
			path = View;
			sourceTree = "<group>";
		};
		721664BE24084A6200C9A0FF /* Domain */ = {
			isa = PBXGroup;
			children = (
				723FAC9E240B0DF800226D43 /* Base */,
				7213F6EF243CCAA6003A53E3 /* Session */,
				724DCA68244110D40042F6DB /* User */,
				724DCB6224446D2D0042F6DB /* Participant */,
				724DCB802444AED20042F6DB /* Votations */,
				721664CA24084CFA00C9A0FF /* Card */,
			);
			path = Domain;
			sourceTree = "<group>";
		};
		721664BF24084A6800C9A0FF /* Data */ = {
			isa = PBXGroup;
			children = (
				724DCB5B24446C9A0042F6DB /* Participant */,
				724DCA642440F43C0042F6DB /* User */,
				724339F8243BA4DD00FCD598 /* Session */,
				72433A00243BAACC00FCD598 /* Votation */,
				723FABF3240B0B5D00226D43 /* Base */,
				721664C024084B8400C9A0FF /* Card */,
			);
			path = Data;
			sourceTree = "<group>";
		};
		721664C024084B8400C9A0FF /* Card */ = {
			isa = PBXGroup;
			children = (
				723FABF2240B0B5200226D43 /* Service Locator */,
				721664C724084C9800C9A0FF /* Repository */,
				721664C424084BCE00C9A0FF /* DataSources */,
				721664C324084BC700C9A0FF /* Model */,
			);
			path = Card;
			sourceTree = "<group>";
		};
		721664C324084BC700C9A0FF /* Model */ = {
			isa = PBXGroup;
			children = (
				721664C124084B9400C9A0FF /* CardDataModel.swift */,
			);
			path = Model;
			sourceTree = "<group>";
		};
		721664C424084BCE00C9A0FF /* DataSources */ = {
			isa = PBXGroup;
			children = (
				721664C524084BE000C9A0FF /* InMemoryCardsDataSource.swift */,
			);
			path = DataSources;
			sourceTree = "<group>";
		};
		721664C724084C9800C9A0FF /* Repository */ = {
			isa = PBXGroup;
			children = (
				721664C824084CAB00C9A0FF /* CardsRepository.swift */,
			);
			path = Repository;
			sourceTree = "<group>";
		};
		721664CA24084CFA00C9A0FF /* Card */ = {
			isa = PBXGroup;
			children = (
				723FACA0240B0E0800226D43 /* Service Locator */,
				721664CE24084D7700C9A0FF /* Use Case */,
				721664CB24084D0200C9A0FF /* Model */,
			);
			path = Card;
			sourceTree = "<group>";
		};
		721664CB24084D0200C9A0FF /* Model */ = {
			isa = PBXGroup;
			children = (
				721664CC24084D1000C9A0FF /* CardDomainModel.swift */,
			);
			path = Model;
			sourceTree = "<group>";
		};
		721664CE24084D7700C9A0FF /* Use Case */ = {
			isa = PBXGroup;
			children = (
				721664CF24084D8C00C9A0FF /* GetCardsUseCase.swift */,
			);
			path = "Use Case";
			sourceTree = "<group>";
		};
		721664D124084E5E00C9A0FF /* Model */ = {
			isa = PBXGroup;
			children = (
				7231912923F7F38E00A3ECFC /* Card.swift */,
			);
			path = Model;
			sourceTree = "<group>";
		};
		721665782408513C00C9A0FF /* Cards List */ = {
			isa = PBXGroup;
			children = (
				721664D124084E5E00C9A0FF /* Model */,
				7232AEE823F477B700FAEAA9 /* CardsView.swift */,
			);
			path = "Cards List";
			sourceTree = "<group>";
		};
		7231911E23F70A8000A3ECFC /* HostingViewController */ = {
			isa = PBXGroup;
			children = (
				7231911F23F70A9100A3ECFC /* HostingViewController.swift */,
			);
			path = HostingViewController;
			sourceTree = "<group>";
		};
		7231912423F7F1E600A3ECFC /* Presentation */ = {
			isa = PBXGroup;
			children = (
				7231912623F7F20400A3ECFC /* Reusable Components */,
				7275F67223F67D5000A8DF54 /* Style */,
				7275F5BD23F5C80400A8DF54 /* Extensions */,
			);
			path = Presentation;
			sourceTree = "<group>";
		};
		7231912623F7F20400A3ECFC /* Reusable Components */ = {
			isa = PBXGroup;
			children = (
				724DCD8324460E400042F6DB /* BlurView */,
				724DCD8024460D240042F6DB /* Loading View */,
				724DCB58244368850042F6DB /* AppleButton */,
				724DCB49244249A10042F6DB /* GoogleButton */,
				72AA238A243B89A500D2D1E6 /* ActivityIndicator */,
				7231911E23F70A8000A3ECFC /* HostingViewController */,
				7232AF0A23F5BF5100FAEAA9 /* Card */,
			);
			path = "Reusable Components";
			sourceTree = "<group>";
		};
		7231912B23F89AAF00A3ECFC /* Redux Core */ = {
			isa = PBXGroup;
			children = (
				7231913523F89F2500A3ECFC /* AppStore */,
				7231913223F89BF700A3ECFC /* Reducer */,
				7231912F23F89B1600A3ECFC /* Actions */,
				7231912C23F89AC400A3ECFC /* State */,
			);
			path = "Redux Core";
			sourceTree = "<group>";
		};
		7231912C23F89AC400A3ECFC /* State */ = {
			isa = PBXGroup;
			children = (
				7231912D23F89ACF00A3ECFC /* AppState.swift */,
			);
			path = State;
			sourceTree = "<group>";
		};
		7231912F23F89B1600A3ECFC /* Actions */ = {
			isa = PBXGroup;
			children = (
				7231913023F89B4000A3ECFC /* AppAction.swift */,
			);
			path = Actions;
			sourceTree = "<group>";
		};
		7231913223F89BF700A3ECFC /* Reducer */ = {
			isa = PBXGroup;
			children = (
				7231913323F89C1A00A3ECFC /* AppReducer.swift */,
			);
			path = Reducer;
			sourceTree = "<group>";
		};
		7231913523F89F2500A3ECFC /* AppStore */ = {
			isa = PBXGroup;
			children = (
				7231913623F89F3100A3ECFC /* AppStore.swift */,
			);
			path = AppStore;
			sourceTree = "<group>";
		};
		7232AED823F477B700FAEAA9 = {
			isa = PBXGroup;
			children = (
				7232AEE323F477B700FAEAA9 /* Peak a Card */,
				7232AEFA23F477BB00FAEAA9 /* Peak a CardTests */,
				7232AEE223F477B700FAEAA9 /* Products */,
				AC95BAA14742EAA4D03B34F6 /* Pods */,
				1779808AF7305820938A6AE9 /* Frameworks */,
			);
			sourceTree = "<group>";
		};
		7232AEE223F477B700FAEAA9 /* Products */ = {
			isa = PBXGroup;
			children = (
				7232AEE123F477B700FAEAA9 /* Peak a Card.app */,
				7232AEF723F477BB00FAEAA9 /* Peak a CardTests.xctest */,
			);
			name = Products;
			sourceTree = "<group>";
		};
		7232AEE323F477B700FAEAA9 /* Peak a Card */ = {
			isa = PBXGroup;
			children = (
				724DCB5524435BB90042F6DB /* Peak a Card.entitlements */,
				721664BD24084A4F00C9A0FF /* View */,
				721664BE24084A6200C9A0FF /* Domain */,
				721664BF24084A6800C9A0FF /* Data */,
			);
			path = "Peak a Card";
			sourceTree = "<group>";
		};
		7232AEEC23F477BA00FAEAA9 /* Preview Content */ = {
			isa = PBXGroup;
			children = (
				7232AEED23F477BA00FAEAA9 /* Preview Assets.xcassets */,
			);
			path = "Preview Content";
			sourceTree = "<group>";
		};
		7232AEFA23F477BB00FAEAA9 /* Peak a CardTests */ = {
			isa = PBXGroup;
			children = (
				7232AEFB23F477BB00FAEAA9 /* Peak_a_CardTests.swift */,
				7232AEFD23F477BB00FAEAA9 /* Info.plist */,
			);
			path = "Peak a CardTests";
			sourceTree = "<group>";
		};
		7232AF0A23F5BF5100FAEAA9 /* Card */ = {
			isa = PBXGroup;
			children = (
			);
			path = Card;
			sourceTree = "<group>";
		};
		723FABED240A9EE900226D43 /* Card Detail */ = {
			isa = PBXGroup;
			children = (
				7232AF0D23F5BFDD00FAEAA9 /* CardView.swift */,
				723FABF0240A9F2900226D43 /* CardDetailView.swift */,
				723FACA9240B1FB400226D43 /* CardBackView.swift */,
			);
			path = "Card Detail";
			sourceTree = "<group>";
		};
		723FABF2240B0B5200226D43 /* Service Locator */ = {
			isa = PBXGroup;
			children = (
				723FAC9C240B0C4900226D43 /* CardsDataServiceLocator.swift */,
			);
			path = "Service Locator";
			sourceTree = "<group>";
		};
		723FABF3240B0B5D00226D43 /* Base */ = {
			isa = PBXGroup;
			children = (
				723FABF4240B0B6900226D43 /* DataServiceLocator.swift */,
				7213F745243CE020003A53E3 /* AsynchronousError.swift */,
			);
			path = Base;
			sourceTree = "<group>";
		};
		723FAC9E240B0DF800226D43 /* Base */ = {
			isa = PBXGroup;
			children = (
				723FAC9F240B0DFF00226D43 /* Service Locator */,
			);
			path = Base;
			sourceTree = "<group>";
		};
		723FAC9F240B0DFF00226D43 /* Service Locator */ = {
			isa = PBXGroup;
			children = (
				723FACA1240B0E6E00226D43 /* DomainServiceLocator.swift */,
			);
			path = "Service Locator";
			sourceTree = "<group>";
		};
		723FACA0240B0E0800226D43 /* Service Locator */ = {
			isa = PBXGroup;
			children = (
				723FACA3240B0EEA00226D43 /* CardsDomainServiceLocator.swift */,
			);
			path = "Service Locator";
			sourceTree = "<group>";
		};
		724339F8243BA4DD00FCD598 /* Session */ = {
			isa = PBXGroup;
			children = (
				7213F6EC243CC83E003A53E3 /* Service Locator */,
				72433A05243BAB7300FCD598 /* Repository */,
				72433A04243BAB6A00FCD598 /* DataSources */,
			);
			path = Session;
			sourceTree = "<group>";
		};
		72433A00243BAACC00FCD598 /* Votation */ = {
			isa = PBXGroup;
			children = (
				724DCB8C2444B72E0042F6DB /* Service Locator */,
				724DCB8B2444B7260042F6DB /* Repository */,
				724DCB7B2444AC9E0042F6DB /* Data Sources */,
				72433A01243BAAD200FCD598 /* Model */,
			);
			path = Votation;
			sourceTree = "<group>";
		};
		72433A01243BAAD200FCD598 /* Model */ = {
			isa = PBXGroup;
			children = (
				72433A02243BAADC00FCD598 /* VotationDataModel.swift */,
			);
			path = Model;
			sourceTree = "<group>";
		};
		72433A04243BAB6A00FCD598 /* DataSources */ = {
			isa = PBXGroup;
			children = (
				72433A06243BAB9700FCD598 /* SessionRemoteDataSource.swift */,
			);
			path = DataSources;
			sourceTree = "<group>";
		};
		72433A05243BAB7300FCD598 /* Repository */ = {
			isa = PBXGroup;
			children = (
				7213F6EA243CAB79003A53E3 /* SessionRepository.swift */,
			);
			path = Repository;
			sourceTree = "<group>";
		};
		724DCA642440F43C0042F6DB /* User */ = {
			isa = PBXGroup;
			children = (
				724DCA652440F4430042F6DB /* Model */,
			);
			path = User;
			sourceTree = "<group>";
		};
		724DCA652440F4430042F6DB /* Model */ = {
			isa = PBXGroup;
			children = (
				724DCA662440F45D0042F6DB /* UserDataModel.swift */,
			);
			path = Model;
			sourceTree = "<group>";
		};
		724DCA68244110D40042F6DB /* User */ = {
			isa = PBXGroup;
			children = (
				724DCA69244110E20042F6DB /* Model */,
			);
			path = User;
			sourceTree = "<group>";
		};
		724DCA69244110E20042F6DB /* Model */ = {
			isa = PBXGroup;
			children = (
				724DCA6A244110F80042F6DB /* UserDomainModel.swift */,
			);
			path = Model;
			sourceTree = "<group>";
		};
		724DCA6C244112E40042F6DB /* Model */ = {
			isa = PBXGroup;
			children = (
				724DCA6F244113150042F6DB /* Participant.swift */,
				724DCB5124425DDB0042F6DB /* User.swift */,
			);
			path = Model;
			sourceTree = "<group>";
		};
		724DCB49244249A10042F6DB /* GoogleButton */ = {
			isa = PBXGroup;
			children = (
				724DCB5624435DD50042F6DB /* GoogleButton.swift */,
			);
			path = GoogleButton;
			sourceTree = "<group>";
		};
		724DCB4C24424B7C0042F6DB /* Application Tasks */ = {
			isa = PBXGroup;
			children = (
				724DCB4D24424BA20042F6DB /* FirebaseInitializationTask.swift */,
				724DCB4F24424C8A0042F6DB /* AppearanceSetupTask.swift */,
			);
			path = "Application Tasks";
			sourceTree = "<group>";
		};
		724DCB58244368850042F6DB /* AppleButton */ = {
			isa = PBXGroup;
			children = (
				724DCB59244368960042F6DB /* AppleButton.swift */,
			);
			path = AppleButton;
			sourceTree = "<group>";
		};
		724DCB5B24446C9A0042F6DB /* Participant */ = {
			isa = PBXGroup;
			children = (
				72955A0D244A1D4B00C7F363 /* Service Locator */,
				724DCB5D24446CB70042F6DB /* Model */,
				724DCB5C24446CA80042F6DB /* Repository */,
				724DCB6624446D7E0042F6DB /* DataSources */,
			);
			path = Participant;
			sourceTree = "<group>";
		};
		724DCB5C24446CA80042F6DB /* Repository */ = {
			isa = PBXGroup;
			children = (
				724DCB6024446CF90042F6DB /* ParticipantsRepository.swift */,
			);
			path = Repository;
			sourceTree = "<group>";
		};
		724DCB5D24446CB70042F6DB /* Model */ = {
			isa = PBXGroup;
			children = (
				724DCB5E24446CD60042F6DB /* ParticipantDataModel.swift */,
			);
			path = Model;
			sourceTree = "<group>";
		};
		724DCB6224446D2D0042F6DB /* Participant */ = {
			isa = PBXGroup;
			children = (
				724DCB762444809E0042F6DB /* Service Locator */,
				724DCB6924446FDC0042F6DB /* Use Case */,
				724DCB6324446D380042F6DB /* Model */,
			);
			path = Participant;
			sourceTree = "<group>";
		};
		724DCB6324446D380042F6DB /* Model */ = {
			isa = PBXGroup;
			children = (
				724DCB6424446D420042F6DB /* ParticipantDomainModel.swift */,
			);
			path = Model;
			sourceTree = "<group>";
		};
		724DCB6624446D7E0042F6DB /* DataSources */ = {
			isa = PBXGroup;
			children = (
				724DCB6724446DA10042F6DB /* ParticipantRemoteDataSource.swift */,
			);
			path = DataSources;
			sourceTree = "<group>";
		};
		724DCB6924446FDC0042F6DB /* Use Case */ = {
			isa = PBXGroup;
			children = (
				724DCB6A24446FEB0042F6DB /* GetAllParticipantsUseCase.swift */,
				727BF63B244A1A120001F8D4 /* RemoveParticipantUseCase.swift */,
			);
			path = "Use Case";
			sourceTree = "<group>";
		};
		724DCB6C2444704D0042F6DB /* Votation */ = {
			isa = PBXGroup;
			children = (
				724DCB852444B3200042F6DB /* Model */,
				724DCB842444B3170042F6DB /* Waiting Other Participants */,
				724DCB942444E4EF0042F6DB /* Wait until Ended */,
				724DCB972444F44F0042F6DB /* Results */,
			);
			path = Votation;
			sourceTree = "<group>";
		};
		724DCB762444809E0042F6DB /* Service Locator */ = {
			isa = PBXGroup;
			children = (
				727BF639244A1A090001F8D4 /* ParticipantDomainServiceLocator.swift */,
			);
			path = "Service Locator";
			sourceTree = "<group>";
		};
		724DCB7B2444AC9E0042F6DB /* Data Sources */ = {
			isa = PBXGroup;
			children = (
				724DCB7C2444ACBA0042F6DB /* VotationsRemoteDataSource.swift */,
			);
			path = "Data Sources";
			sourceTree = "<group>";
		};
		724DCB802444AED20042F6DB /* Votations */ = {
			isa = PBXGroup;
			children = (
				724DCB8F2444B7C80042F6DB /* Service Locator */,
				724DCB882444B6730042F6DB /* Use Case */,
				724DCB812444AEDC0042F6DB /* Model */,
			);
			path = Votations;
			sourceTree = "<group>";
		};
		724DCB812444AEDC0042F6DB /* Model */ = {
			isa = PBXGroup;
			children = (
				724DCB822444AEE80042F6DB /* VotationDomainModel.swift */,
				726FF3AA2454315400929564 /* ParticipantVotationDomainModel.swift */,
			);
			path = Model;
			sourceTree = "<group>";
		};
		724DCB842444B3170042F6DB /* Waiting Other Participants */ = {
			isa = PBXGroup;
			children = (
				724DCB6D244470D60042F6DB /* WaitVotingView.swift */,
			);
			path = "Waiting Other Participants";
			sourceTree = "<group>";
		};
		724DCB852444B3200042F6DB /* Model */ = {
			isa = PBXGroup;
			children = (
				724DCB862444B38F0042F6DB /* Votation.swift */,
				726FF3AC24543C9200929564 /* ParticipantVotation.swift */,
				726FF3AE24543ED300929564 /* GroupedVotations.swift */,
			);
			path = Model;
			sourceTree = "<group>";
		};
		724DCB882444B6730042F6DB /* Use Case */ = {
			isa = PBXGroup;
			children = (
				724DCB892444B6830042F6DB /* GetAllVotationsUseCase.swift */,
				724DCB922444BF190042F6DB /* SubmitVotationUseCae.swift */,
			);
			path = "Use Case";
			sourceTree = "<group>";
		};
		724DCB8B2444B7260042F6DB /* Repository */ = {
			isa = PBXGroup;
			children = (
				724DCB7E2444AE810042F6DB /* VotationsRepository.swift */,
			);
			path = Repository;
			sourceTree = "<group>";
		};
		724DCB8C2444B72E0042F6DB /* Service Locator */ = {
			isa = PBXGroup;
			children = (
				724DCB8D2444B7430042F6DB /* VotationDataServiceLocator.swift */,
			);
			path = "Service Locator";
			sourceTree = "<group>";
		};
		724DCB8F2444B7C80042F6DB /* Service Locator */ = {
			isa = PBXGroup;
			children = (
				724DCB902444B7D90042F6DB /* VotationDomainServiceLocator.swift */,
			);
			path = "Service Locator";
			sourceTree = "<group>";
		};
		724DCB942444E4EF0042F6DB /* Wait until Ended */ = {
			isa = PBXGroup;
			children = (
				724DCB952444E5420042F6DB /* WaitVotersView.swift */,
			);
			path = "Wait until Ended";
			sourceTree = "<group>";
		};
		724DCB972444F44F0042F6DB /* Results */ = {
			isa = PBXGroup;
			children = (
				724DCB982444F46A0042F6DB /* VotingResultsView.swift */,
			);
			path = Results;
			sourceTree = "<group>";
		};
		724DCD8024460D240042F6DB /* Loading View */ = {
			isa = PBXGroup;
			children = (
				724DCD8124460D430042F6DB /* LoadingView.swift */,
			);
			path = "Loading View";
			sourceTree = "<group>";
		};
		724DCD8324460E400042F6DB /* BlurView */ = {
			isa = PBXGroup;
			children = (
				724DCD8424460E590042F6DB /* BlurView.swift */,
			);
			path = BlurView;
			sourceTree = "<group>";
		};
		7275F5BD23F5C80400A8DF54 /* Extensions */ = {
			isa = PBXGroup;
			children = (
				7275F5BE23F5C81800A8DF54 /* Colors.swift */,
			);
			path = Extensions;
			sourceTree = "<group>";
		};
		7275F67223F67D5000A8DF54 /* Style */ = {
			isa = PBXGroup;
			children = (
				7275F67923F67FFB00A8DF54 /* Themes */,
				7275F67323F67F6000A8DF54 /* Stylesheet.swift */,
				7275F67723F67F8000A8DF54 /* StylesheetTheme.swift */,
			);
			path = Style;
			sourceTree = "<group>";
		};
		7275F67923F67FFB00A8DF54 /* Themes */ = {
			isa = PBXGroup;
			children = (
				7275F67523F67F6D00A8DF54 /* MainTheme.swift */,
			);
			path = Themes;
			sourceTree = "<group>";
		};
		7275F70123F6861B00A8DF54 /* Resources */ = {
			isa = PBXGroup;
			children = (
				7232AEEA23F477BA00FAEAA9 /* Assets.xcassets */,
				7232AF0F23F5C63700FAEAA9 /* Colors.xcassets */,
				7275F70423F6868A00A8DF54 /* Localizable.strings */,
			);
			path = Resources;
			sourceTree = "<group>";
		};
		72955A0D244A1D4B00C7F363 /* Service Locator */ = {
			isa = PBXGroup;
			children = (
				72955A0E244A1D5A00C7F363 /* ParticipantDataServiceLocator.swift */,
			);
			path = "Service Locator";
			sourceTree = "<group>";
		};
		72AA2386243B77AD00D2D1E6 /* Session */ = {
			isa = PBXGroup;
			children = (
				724DCA6C244112E40042F6DB /* Model */,
				72AA2388243B77E200D2D1E6 /* JoinSessionView.swift */,
			);
			path = Session;
			sourceTree = "<group>";
		};
		72AA2387243B77B500D2D1E6 /* Features */ = {
			isa = PBXGroup;
			children = (
				72AA238D243B91A100D2D1E6 /* Container */,
				72AA2386243B77AD00D2D1E6 /* Session */,
				724DCB6C2444704D0042F6DB /* Votation */,
				723FABED240A9EE900226D43 /* Card Detail */,
				721665782408513C00C9A0FF /* Cards List */,
			);
			path = Features;
			sourceTree = "<group>";
		};
		72AA238A243B89A500D2D1E6 /* ActivityIndicator */ = {
			isa = PBXGroup;
			children = (
				72AA238B243B89B700D2D1E6 /* ActivityIndicator.swift */,
			);
			path = ActivityIndicator;
			sourceTree = "<group>";
		};
		72AA238D243B91A100D2D1E6 /* Container */ = {
			isa = PBXGroup;
			children = (
				72AA238E243B91B100D2D1E6 /* ContainerView.swift */,
			);
			path = Container;
			sourceTree = "<group>";
		};
		AC95BAA14742EAA4D03B34F6 /* Pods */ = {
			isa = PBXGroup;
			children = (
				5EE77B329CEC8D32A7683171 /* Pods-Peak a Card.debug.xcconfig */,
				C466A767CAEB1D9B48301DCB /* Pods-Peak a Card.release.xcconfig */,
				C1C8F02427AB968C15D75B52 /* Pods-Peak a CardTests.debug.xcconfig */,
				361731B905CE1D83E673837D /* Pods-Peak a CardTests.release.xcconfig */,
			);
			path = Pods;
			sourceTree = "<group>";
		};
/* End PBXGroup section */

/* Begin PBXNativeTarget section */
		7232AEE023F477B700FAEAA9 /* Peak a Card */ = {
			isa = PBXNativeTarget;
			buildConfigurationList = 7232AF0023F477BB00FAEAA9 /* Build configuration list for PBXNativeTarget "Peak a Card" */;
			buildPhases = (
				6A5078E95B842BCEB3656EEA /* [CP] Check Pods Manifest.lock */,
				7232AEDD23F477B700FAEAA9 /* Sources */,
				7232AEDE23F477B700FAEAA9 /* Frameworks */,
				7232AEDF23F477B700FAEAA9 /* Resources */,
				0146560CEF26CFBEC93EB444 /* [CP] Embed Pods Frameworks */,
				56D082B16CBC3B9ECD4BF965 /* [CP] Copy Pods Resources */,
			);
			buildRules = (
			);
			dependencies = (
			);
			name = "Peak a Card";
			packageProductDependencies = (
				7275F67023F5D60400A8DF54 /* GridStack */,
			);
			productName = "Peak a Card";
			productReference = 7232AEE123F477B700FAEAA9 /* Peak a Card.app */;
			productType = "com.apple.product-type.application";
		};
		7232AEF623F477BB00FAEAA9 /* Peak a CardTests */ = {
			isa = PBXNativeTarget;
			buildConfigurationList = 7232AF0323F477BB00FAEAA9 /* Build configuration list for PBXNativeTarget "Peak a CardTests" */;
			buildPhases = (
				8484F4FBDBC2478D98A12BE9 /* [CP] Check Pods Manifest.lock */,
				7232AEF323F477BB00FAEAA9 /* Sources */,
				7232AEF423F477BB00FAEAA9 /* Frameworks */,
				7232AEF523F477BB00FAEAA9 /* Resources */,
			);
			buildRules = (
			);
			dependencies = (
				7232AEF923F477BB00FAEAA9 /* PBXTargetDependency */,
			);
			name = "Peak a CardTests";
			productName = "Peak a CardTests";
			productReference = 7232AEF723F477BB00FAEAA9 /* Peak a CardTests.xctest */;
			productType = "com.apple.product-type.bundle.unit-test";
		};
/* End PBXNativeTarget section */

/* Begin PBXProject section */
		7232AED923F477B700FAEAA9 /* Project object */ = {
			isa = PBXProject;
			attributes = {
				LastSwiftUpdateCheck = 1130;
				LastUpgradeCheck = 1130;
				ORGANIZATIONNAME = peakacard;
				TargetAttributes = {
					7232AEE023F477B700FAEAA9 = {
						CreatedOnToolsVersion = 11.3.1;
					};
					7232AEF623F477BB00FAEAA9 = {
						CreatedOnToolsVersion = 11.3.1;
						TestTargetID = 7232AEE023F477B700FAEAA9;
					};
				};
			};
			buildConfigurationList = 7232AEDC23F477B700FAEAA9 /* Build configuration list for PBXProject "Peak a Card" */;
			compatibilityVersion = "Xcode 9.3";
			developmentRegion = en;
			hasScannedForEncodings = 0;
			knownRegions = (
				en,
				Base,
			);
			mainGroup = 7232AED823F477B700FAEAA9;
			packageReferences = (
				7275F66F23F5D60400A8DF54 /* XCRemoteSwiftPackageReference "GridStack" */,
			);
			productRefGroup = 7232AEE223F477B700FAEAA9 /* Products */;
			projectDirPath = "";
			projectRoot = "";
			targets = (
				7232AEE023F477B700FAEAA9 /* Peak a Card */,
				7232AEF623F477BB00FAEAA9 /* Peak a CardTests */,
			);
		};
/* End PBXProject section */

/* Begin PBXResourcesBuildPhase section */
		7232AEDF23F477B700FAEAA9 /* Resources */ = {
			isa = PBXResourcesBuildPhase;
			buildActionMask = 2147483647;
			files = (
				7275F70623F6868B00A8DF54 /* Localizable.strings in Resources */,
				7232AEF123F477BB00FAEAA9 /* LaunchScreen.storyboard in Resources */,
				7232AF1023F5C63700FAEAA9 /* Colors.xcassets in Resources */,
				7232AEEE23F477BA00FAEAA9 /* Preview Assets.xcassets in Resources */,
				7232AEEB23F477BA00FAEAA9 /* Assets.xcassets in Resources */,
				72955A11244A1E2000C7F363 /* GoogleService-Info.plist in Resources */,
			);
			runOnlyForDeploymentPostprocessing = 0;
		};
		7232AEF523F477BB00FAEAA9 /* Resources */ = {
			isa = PBXResourcesBuildPhase;
			buildActionMask = 2147483647;
			files = (
			);
			runOnlyForDeploymentPostprocessing = 0;
		};
/* End PBXResourcesBuildPhase section */

/* Begin PBXShellScriptBuildPhase section */
		0146560CEF26CFBEC93EB444 /* [CP] Embed Pods Frameworks */ = {
			isa = PBXShellScriptBuildPhase;
			buildActionMask = 2147483647;
			files = (
			);
			inputFileListPaths = (
				"${PODS_ROOT}/Target Support Files/Pods-Peak a Card/Pods-Peak a Card-frameworks-${CONFIGURATION}-input-files.xcfilelist",
			);
			name = "[CP] Embed Pods Frameworks";
			outputFileListPaths = (
				"${PODS_ROOT}/Target Support Files/Pods-Peak a Card/Pods-Peak a Card-frameworks-${CONFIGURATION}-output-files.xcfilelist",
			);
			runOnlyForDeploymentPostprocessing = 0;
			shellPath = /bin/sh;
			shellScript = "\"${PODS_ROOT}/Target Support Files/Pods-Peak a Card/Pods-Peak a Card-frameworks.sh\"\n";
			showEnvVarsInLog = 0;
		};
		56D082B16CBC3B9ECD4BF965 /* [CP] Copy Pods Resources */ = {
			isa = PBXShellScriptBuildPhase;
			buildActionMask = 2147483647;
			files = (
			);
			inputFileListPaths = (
				"${PODS_ROOT}/Target Support Files/Pods-Peak a Card/Pods-Peak a Card-resources-${CONFIGURATION}-input-files.xcfilelist",
			);
			name = "[CP] Copy Pods Resources";
			outputFileListPaths = (
				"${PODS_ROOT}/Target Support Files/Pods-Peak a Card/Pods-Peak a Card-resources-${CONFIGURATION}-output-files.xcfilelist",
			);
			runOnlyForDeploymentPostprocessing = 0;
			shellPath = /bin/sh;
			shellScript = "\"${PODS_ROOT}/Target Support Files/Pods-Peak a Card/Pods-Peak a Card-resources.sh\"\n";
			showEnvVarsInLog = 0;
		};
		6A5078E95B842BCEB3656EEA /* [CP] Check Pods Manifest.lock */ = {
			isa = PBXShellScriptBuildPhase;
			buildActionMask = 2147483647;
			files = (
			);
			inputFileListPaths = (
			);
			inputPaths = (
				"${PODS_PODFILE_DIR_PATH}/Podfile.lock",
				"${PODS_ROOT}/Manifest.lock",
			);
			name = "[CP] Check Pods Manifest.lock";
			outputFileListPaths = (
			);
			outputPaths = (
				"$(DERIVED_FILE_DIR)/Pods-Peak a Card-checkManifestLockResult.txt",
			);
			runOnlyForDeploymentPostprocessing = 0;
			shellPath = /bin/sh;
			shellScript = "diff \"${PODS_PODFILE_DIR_PATH}/Podfile.lock\" \"${PODS_ROOT}/Manifest.lock\" > /dev/null\nif [ $? != 0 ] ; then\n    # print error to STDERR\n    echo \"error: The sandbox is not in sync with the Podfile.lock. Run 'pod install' or update your CocoaPods installation.\" >&2\n    exit 1\nfi\n# This output is used by Xcode 'outputs' to avoid re-running this script phase.\necho \"SUCCESS\" > \"${SCRIPT_OUTPUT_FILE_0}\"\n";
			showEnvVarsInLog = 0;
		};
		8484F4FBDBC2478D98A12BE9 /* [CP] Check Pods Manifest.lock */ = {
			isa = PBXShellScriptBuildPhase;
			buildActionMask = 2147483647;
			files = (
			);
			inputFileListPaths = (
			);
			inputPaths = (
				"${PODS_PODFILE_DIR_PATH}/Podfile.lock",
				"${PODS_ROOT}/Manifest.lock",
			);
			name = "[CP] Check Pods Manifest.lock";
			outputFileListPaths = (
			);
			outputPaths = (
				"$(DERIVED_FILE_DIR)/Pods-Peak a CardTests-checkManifestLockResult.txt",
			);
			runOnlyForDeploymentPostprocessing = 0;
			shellPath = /bin/sh;
			shellScript = "diff \"${PODS_PODFILE_DIR_PATH}/Podfile.lock\" \"${PODS_ROOT}/Manifest.lock\" > /dev/null\nif [ $? != 0 ] ; then\n    # print error to STDERR\n    echo \"error: The sandbox is not in sync with the Podfile.lock. Run 'pod install' or update your CocoaPods installation.\" >&2\n    exit 1\nfi\n# This output is used by Xcode 'outputs' to avoid re-running this script phase.\necho \"SUCCESS\" > \"${SCRIPT_OUTPUT_FILE_0}\"\n";
			showEnvVarsInLog = 0;
		};
/* End PBXShellScriptBuildPhase section */

/* Begin PBXSourcesBuildPhase section */
		7232AEDD23F477B700FAEAA9 /* Sources */ = {
			isa = PBXSourcesBuildPhase;
			buildActionMask = 2147483647;
			files = (
				721664C624084BE000C9A0FF /* InMemoryCardsDataSource.swift in Sources */,
				7213F746243CE020003A53E3 /* AsynchronousError.swift in Sources */,
				724DCB8A2444B6830042F6DB /* GetAllVotationsUseCase.swift in Sources */,
				724DCB5A244368960042F6DB /* AppleButton.swift in Sources */,
				7232AEE523F477B700FAEAA9 /* AppDelegate.swift in Sources */,
				724DCD8224460D430042F6DB /* LoadingView.swift in Sources */,
				723FAC9D240B0C4900226D43 /* CardsDataServiceLocator.swift in Sources */,
				724DCB962444E5420042F6DB /* WaitVotersView.swift in Sources */,
				7275F5BF23F5C81800A8DF54 /* Colors.swift in Sources */,
				724DCB6824446DA10042F6DB /* ParticipantRemoteDataSource.swift in Sources */,
				726FF3AF24543ED300929564 /* GroupedVotations.swift in Sources */,
				7232AEE723F477B700FAEAA9 /* SceneDelegate.swift in Sources */,
				7213F6EE243CC85B003A53E3 /* SessionDataServiceLocator.swift in Sources */,
				7232AEE923F477B700FAEAA9 /* CardsView.swift in Sources */,
				724DCB7D2444ACBA0042F6DB /* VotationsRemoteDataSource.swift in Sources */,
				7232AF0E23F5BFDD00FAEAA9 /* CardView.swift in Sources */,
				72955A0F244A1D5A00C7F363 /* ParticipantDataServiceLocator.swift in Sources */,
				7231913723F89F3100A3ECFC /* AppStore.swift in Sources */,
				726FF3AD24543C9200929564 /* ParticipantVotation.swift in Sources */,
				724DCB6E244470D60042F6DB /* WaitVotingView.swift in Sources */,
				724DCB6124446CF90042F6DB /* ParticipantsRepository.swift in Sources */,
				723FABF1240A9F2900226D43 /* CardDetailView.swift in Sources */,
				7213F6EB243CAB79003A53E3 /* SessionRepository.swift in Sources */,
				7231913123F89B4000A3ECFC /* AppAction.swift in Sources */,
				7275F67823F67F8000A8DF54 /* StylesheetTheme.swift in Sources */,
				724DCD8524460E590042F6DB /* BlurView.swift in Sources */,
				721664CD24084D1000C9A0FF /* CardDomainModel.swift in Sources */,
				72433A03243BAADC00FCD598 /* VotationDataModel.swift in Sources */,
				724DCB912444B7D90042F6DB /* VotationDomainServiceLocator.swift in Sources */,
				724DCA70244113150042F6DB /* Participant.swift in Sources */,
				72AA238F243B91B100D2D1E6 /* ContainerView.swift in Sources */,
				724DCB8E2444B7430042F6DB /* VotationDataServiceLocator.swift in Sources */,
				724DCB992444F46A0042F6DB /* VotingResultsView.swift in Sources */,
				7231913423F89C1A00A3ECFC /* AppReducer.swift in Sources */,
				72AA2389243B77E200D2D1E6 /* JoinSessionView.swift in Sources */,
				724DCB5224425DDB0042F6DB /* User.swift in Sources */,
				724DCB4E24424BA20042F6DB /* FirebaseInitializationTask.swift in Sources */,
				724DCB6524446D420042F6DB /* ParticipantDomainModel.swift in Sources */,
				7231912E23F89ACF00A3ECFC /* AppState.swift in Sources */,
				724DCA672440F45D0042F6DB /* UserDataModel.swift in Sources */,
				721664D024084D8C00C9A0FF /* GetCardsUseCase.swift in Sources */,
				724DCB5724435DD50042F6DB /* GoogleButton.swift in Sources */,
				724DCB932444BF190042F6DB /* SubmitVotationUseCae.swift in Sources */,
				72AA238C243B89B700D2D1E6 /* ActivityIndicator.swift in Sources */,
				721664C924084CAB00C9A0FF /* CardsRepository.swift in Sources */,
				724DCB6B24446FEB0042F6DB /* GetAllParticipantsUseCase.swift in Sources */,
				7213F741243CD3E2003A53E3 /* JoinSessionUseCase.swift in Sources */,
				724DCB832444AEE80042F6DB /* VotationDomainModel.swift in Sources */,
				72433A07243BAB9700FCD598 /* SessionRemoteDataSource.swift in Sources */,
				7275F67623F67F6D00A8DF54 /* MainTheme.swift in Sources */,
				724DCB5424434E770042F6DB /* VerifySessionUseCase.swift in Sources */,
				7231912A23F7F38E00A3ECFC /* Card.swift in Sources */,
				7275F67423F67F6000A8DF54 /* Stylesheet.swift in Sources */,
				726FF3AB2454315400929564 /* ParticipantVotationDomainModel.swift in Sources */,
				723FABF5240B0B6900226D43 /* DataServiceLocator.swift in Sources */,
				724DCB5F24446CD60042F6DB /* ParticipantDataModel.swift in Sources */,
				723FACA4240B0EEA00226D43 /* CardsDomainServiceLocator.swift in Sources */,
				723FACAA240B1FB400226D43 /* CardBackView.swift in Sources */,
				724DCB872444B38F0042F6DB /* Votation.swift in Sources */,
				724DCB5024424C8A0042F6DB /* AppearanceSetupTask.swift in Sources */,
				724DCB7F2444AE810042F6DB /* VotationsRepository.swift in Sources */,
				7213F744243CD4CA003A53E3 /* SessionDomainServiceLocator.swift in Sources */,
				721664C224084B9400C9A0FF /* CardDataModel.swift in Sources */,
				727BF63A244A1A0A0001F8D4 /* ParticipantDomainServiceLocator.swift in Sources */,
				723FACA2240B0E6E00226D43 /* DomainServiceLocator.swift in Sources */,
				7231912023F70A9100A3ECFC /* HostingViewController.swift in Sources */,
				727BF63C244A1A130001F8D4 /* RemoveParticipantUseCase.swift in Sources */,
				724DCA6B244110F80042F6DB /* UserDomainModel.swift in Sources */,
			);
			runOnlyForDeploymentPostprocessing = 0;
		};
		7232AEF323F477BB00FAEAA9 /* Sources */ = {
			isa = PBXSourcesBuildPhase;
			buildActionMask = 2147483647;
			files = (
				7232AEFC23F477BB00FAEAA9 /* Peak_a_CardTests.swift in Sources */,
			);
			runOnlyForDeploymentPostprocessing = 0;
		};
/* End PBXSourcesBuildPhase section */

/* Begin PBXTargetDependency section */
		7232AEF923F477BB00FAEAA9 /* PBXTargetDependency */ = {
			isa = PBXTargetDependency;
			target = 7232AEE023F477B700FAEAA9 /* Peak a Card */;
			targetProxy = 7232AEF823F477BB00FAEAA9 /* PBXContainerItemProxy */;
		};
/* End PBXTargetDependency section */

/* Begin PBXVariantGroup section */
		7232AEEF23F477BB00FAEAA9 /* LaunchScreen.storyboard */ = {
			isa = PBXVariantGroup;
			children = (
				7232AEF023F477BB00FAEAA9 /* Base */,
			);
			name = LaunchScreen.storyboard;
			sourceTree = "<group>";
		};
		7275F70423F6868A00A8DF54 /* Localizable.strings */ = {
			isa = PBXVariantGroup;
			children = (
				7275F70523F6868A00A8DF54 /* Base */,
			);
			name = Localizable.strings;
			sourceTree = "<group>";
		};
/* End PBXVariantGroup section */

/* Begin XCBuildConfiguration section */
		7232AEFE23F477BB00FAEAA9 /* Debug */ = {
			isa = XCBuildConfiguration;
			buildSettings = {
				ALWAYS_SEARCH_USER_PATHS = NO;
				CLANG_ANALYZER_NONNULL = YES;
				CLANG_ANALYZER_NUMBER_OBJECT_CONVERSION = YES_AGGRESSIVE;
				CLANG_CXX_LANGUAGE_STANDARD = "gnu++14";
				CLANG_CXX_LIBRARY = "libc++";
				CLANG_ENABLE_MODULES = YES;
				CLANG_ENABLE_OBJC_ARC = YES;
				CLANG_ENABLE_OBJC_WEAK = YES;
				CLANG_WARN_BLOCK_CAPTURE_AUTORELEASING = YES;
				CLANG_WARN_BOOL_CONVERSION = YES;
				CLANG_WARN_COMMA = YES;
				CLANG_WARN_CONSTANT_CONVERSION = YES;
				CLANG_WARN_DEPRECATED_OBJC_IMPLEMENTATIONS = YES;
				CLANG_WARN_DIRECT_OBJC_ISA_USAGE = YES_ERROR;
				CLANG_WARN_DOCUMENTATION_COMMENTS = YES;
				CLANG_WARN_EMPTY_BODY = YES;
				CLANG_WARN_ENUM_CONVERSION = YES;
				CLANG_WARN_INFINITE_RECURSION = YES;
				CLANG_WARN_INT_CONVERSION = YES;
				CLANG_WARN_NON_LITERAL_NULL_CONVERSION = YES;
				CLANG_WARN_OBJC_IMPLICIT_RETAIN_SELF = YES;
				CLANG_WARN_OBJC_LITERAL_CONVERSION = YES;
				CLANG_WARN_OBJC_ROOT_CLASS = YES_ERROR;
				CLANG_WARN_RANGE_LOOP_ANALYSIS = YES;
				CLANG_WARN_STRICT_PROTOTYPES = YES;
				CLANG_WARN_SUSPICIOUS_MOVE = YES;
				CLANG_WARN_UNGUARDED_AVAILABILITY = YES_AGGRESSIVE;
				CLANG_WARN_UNREACHABLE_CODE = YES;
				CLANG_WARN__DUPLICATE_METHOD_MATCH = YES;
				COPY_PHASE_STRIP = NO;
				DEBUG_INFORMATION_FORMAT = dwarf;
				ENABLE_STRICT_OBJC_MSGSEND = YES;
				ENABLE_TESTABILITY = YES;
				GCC_C_LANGUAGE_STANDARD = gnu11;
				GCC_DYNAMIC_NO_PIC = NO;
				GCC_NO_COMMON_BLOCKS = YES;
				GCC_OPTIMIZATION_LEVEL = 0;
				GCC_PREPROCESSOR_DEFINITIONS = (
					"DEBUG=1",
					"$(inherited)",
				);
				GCC_WARN_64_TO_32_BIT_CONVERSION = YES;
				GCC_WARN_ABOUT_RETURN_TYPE = YES_ERROR;
				GCC_WARN_UNDECLARED_SELECTOR = YES;
				GCC_WARN_UNINITIALIZED_AUTOS = YES_AGGRESSIVE;
				GCC_WARN_UNUSED_FUNCTION = YES;
				GCC_WARN_UNUSED_VARIABLE = YES;
				IPHONEOS_DEPLOYMENT_TARGET = 13.2;
				MTL_ENABLE_DEBUG_INFO = INCLUDE_SOURCE;
				MTL_FAST_MATH = YES;
				ONLY_ACTIVE_ARCH = YES;
				SDKROOT = iphoneos;
				SWIFT_ACTIVE_COMPILATION_CONDITIONS = DEBUG;
				SWIFT_OPTIMIZATION_LEVEL = "-Onone";
			};
			name = Debug;
		};
		7232AEFF23F477BB00FAEAA9 /* Release */ = {
			isa = XCBuildConfiguration;
			buildSettings = {
				ALWAYS_SEARCH_USER_PATHS = NO;
				CLANG_ANALYZER_NONNULL = YES;
				CLANG_ANALYZER_NUMBER_OBJECT_CONVERSION = YES_AGGRESSIVE;
				CLANG_CXX_LANGUAGE_STANDARD = "gnu++14";
				CLANG_CXX_LIBRARY = "libc++";
				CLANG_ENABLE_MODULES = YES;
				CLANG_ENABLE_OBJC_ARC = YES;
				CLANG_ENABLE_OBJC_WEAK = YES;
				CLANG_WARN_BLOCK_CAPTURE_AUTORELEASING = YES;
				CLANG_WARN_BOOL_CONVERSION = YES;
				CLANG_WARN_COMMA = YES;
				CLANG_WARN_CONSTANT_CONVERSION = YES;
				CLANG_WARN_DEPRECATED_OBJC_IMPLEMENTATIONS = YES;
				CLANG_WARN_DIRECT_OBJC_ISA_USAGE = YES_ERROR;
				CLANG_WARN_DOCUMENTATION_COMMENTS = YES;
				CLANG_WARN_EMPTY_BODY = YES;
				CLANG_WARN_ENUM_CONVERSION = YES;
				CLANG_WARN_INFINITE_RECURSION = YES;
				CLANG_WARN_INT_CONVERSION = YES;
				CLANG_WARN_NON_LITERAL_NULL_CONVERSION = YES;
				CLANG_WARN_OBJC_IMPLICIT_RETAIN_SELF = YES;
				CLANG_WARN_OBJC_LITERAL_CONVERSION = YES;
				CLANG_WARN_OBJC_ROOT_CLASS = YES_ERROR;
				CLANG_WARN_RANGE_LOOP_ANALYSIS = YES;
				CLANG_WARN_STRICT_PROTOTYPES = YES;
				CLANG_WARN_SUSPICIOUS_MOVE = YES;
				CLANG_WARN_UNGUARDED_AVAILABILITY = YES_AGGRESSIVE;
				CLANG_WARN_UNREACHABLE_CODE = YES;
				CLANG_WARN__DUPLICATE_METHOD_MATCH = YES;
				COPY_PHASE_STRIP = NO;
				DEBUG_INFORMATION_FORMAT = "dwarf-with-dsym";
				ENABLE_NS_ASSERTIONS = NO;
				ENABLE_STRICT_OBJC_MSGSEND = YES;
				GCC_C_LANGUAGE_STANDARD = gnu11;
				GCC_NO_COMMON_BLOCKS = YES;
				GCC_WARN_64_TO_32_BIT_CONVERSION = YES;
				GCC_WARN_ABOUT_RETURN_TYPE = YES_ERROR;
				GCC_WARN_UNDECLARED_SELECTOR = YES;
				GCC_WARN_UNINITIALIZED_AUTOS = YES_AGGRESSIVE;
				GCC_WARN_UNUSED_FUNCTION = YES;
				GCC_WARN_UNUSED_VARIABLE = YES;
				IPHONEOS_DEPLOYMENT_TARGET = 13.2;
				MTL_ENABLE_DEBUG_INFO = NO;
				MTL_FAST_MATH = YES;
				SDKROOT = iphoneos;
				SWIFT_COMPILATION_MODE = wholemodule;
				SWIFT_OPTIMIZATION_LEVEL = "-O";
				VALIDATE_PRODUCT = YES;
			};
			name = Release;
		};
		7232AF0123F477BB00FAEAA9 /* Debug */ = {
			isa = XCBuildConfiguration;
			baseConfigurationReference = 5EE77B329CEC8D32A7683171 /* Pods-Peak a Card.debug.xcconfig */;
			buildSettings = {
				ASSETCATALOG_COMPILER_APPICON_NAME = AppIcon;
				CODE_SIGN_ENTITLEMENTS = "Peak a Card/Peak a Card.entitlements";
				CODE_SIGN_IDENTITY = "Apple Development";
				CODE_SIGN_STYLE = Automatic;
				CURRENT_PROJECT_VERSION = 5;
				DEVELOPMENT_ASSET_PATHS = "\"Peak a Card/View/Preview Content\"";
				DEVELOPMENT_TEAM = V45KGQUH5M;
				ENABLE_PREVIEWS = YES;
				GCC_PREPROCESSOR_DEFINITIONS = "$(inherited)";
				INFOPLIST_FILE = "Peak a Card/View/Info.plist";
				LD_RUNPATH_SEARCH_PATHS = (
					"$(inherited)",
					"@executable_path/Frameworks",
				);
				PRODUCT_BUNDLE_IDENTIFIER = com.app.peakacard;
				PRODUCT_NAME = "$(TARGET_NAME)";
				PROVISIONING_PROFILE_SPECIFIER = "";
				SWIFT_VERSION = 5.0;
				TARGETED_DEVICE_FAMILY = "1,2";
			};
			name = Debug;
		};
		7232AF0223F477BB00FAEAA9 /* Release */ = {
			isa = XCBuildConfiguration;
			baseConfigurationReference = C466A767CAEB1D9B48301DCB /* Pods-Peak a Card.release.xcconfig */;
			buildSettings = {
				ASSETCATALOG_COMPILER_APPICON_NAME = AppIcon;
				CODE_SIGN_ENTITLEMENTS = "Peak a Card/Peak a Card.entitlements";
				CODE_SIGN_IDENTITY = "Apple Development";
				CODE_SIGN_STYLE = Automatic;
				CURRENT_PROJECT_VERSION = 5;
				DEVELOPMENT_ASSET_PATHS = "\"Peak a Card/View/Preview Content\"";
				DEVELOPMENT_TEAM = V45KGQUH5M;
				ENABLE_PREVIEWS = YES;
				GCC_PREPROCESSOR_DEFINITIONS = "$(inherited)";
				INFOPLIST_FILE = "Peak a Card/View/Info.plist";
				LD_RUNPATH_SEARCH_PATHS = (
					"$(inherited)",
					"@executable_path/Frameworks",
				);
				PRODUCT_BUNDLE_IDENTIFIER = com.app.peakacard;
				PRODUCT_NAME = "$(TARGET_NAME)";
				PROVISIONING_PROFILE_SPECIFIER = "";
				SWIFT_VERSION = 5.0;
				TARGETED_DEVICE_FAMILY = "1,2";
			};
			name = Release;
		};
		7232AF0423F477BB00FAEAA9 /* Debug */ = {
			isa = XCBuildConfiguration;
			baseConfigurationReference = C1C8F02427AB968C15D75B52 /* Pods-Peak a CardTests.debug.xcconfig */;
			buildSettings = {
				ALWAYS_EMBED_SWIFT_STANDARD_LIBRARIES = YES;
				BUNDLE_LOADER = "$(TEST_HOST)";
				CODE_SIGN_STYLE = Automatic;
				DEVELOPMENT_TEAM = LPUJD23XGU;
				INFOPLIST_FILE = "Peak a CardTests/Info.plist";
				IPHONEOS_DEPLOYMENT_TARGET = 13.2;
				LD_RUNPATH_SEARCH_PATHS = (
					"$(inherited)",
					"@executable_path/Frameworks",
					"@loader_path/Frameworks",
				);
				PRODUCT_BUNDLE_IDENTIFIER = "com.peakacard.Peak-a-CardTests";
				PRODUCT_NAME = "$(TARGET_NAME)";
				SWIFT_VERSION = 5.0;
				TARGETED_DEVICE_FAMILY = "1,2";
				TEST_HOST = "$(BUILT_PRODUCTS_DIR)/Peak a Card.app/Peak a Card";
			};
			name = Debug;
		};
		7232AF0523F477BB00FAEAA9 /* Release */ = {
			isa = XCBuildConfiguration;
			baseConfigurationReference = 361731B905CE1D83E673837D /* Pods-Peak a CardTests.release.xcconfig */;
			buildSettings = {
				ALWAYS_EMBED_SWIFT_STANDARD_LIBRARIES = YES;
				BUNDLE_LOADER = "$(TEST_HOST)";
				CODE_SIGN_STYLE = Automatic;
				DEVELOPMENT_TEAM = LPUJD23XGU;
				INFOPLIST_FILE = "Peak a CardTests/Info.plist";
				IPHONEOS_DEPLOYMENT_TARGET = 13.2;
				LD_RUNPATH_SEARCH_PATHS = (
					"$(inherited)",
					"@executable_path/Frameworks",
					"@loader_path/Frameworks",
				);
				PRODUCT_BUNDLE_IDENTIFIER = "com.peakacard.Peak-a-CardTests";
				PRODUCT_NAME = "$(TARGET_NAME)";
				SWIFT_VERSION = 5.0;
				TARGETED_DEVICE_FAMILY = "1,2";
				TEST_HOST = "$(BUILT_PRODUCTS_DIR)/Peak a Card.app/Peak a Card";
			};
			name = Release;
		};
/* End XCBuildConfiguration section */

/* Begin XCConfigurationList section */
		7232AEDC23F477B700FAEAA9 /* Build configuration list for PBXProject "Peak a Card" */ = {
			isa = XCConfigurationList;
			buildConfigurations = (
				7232AEFE23F477BB00FAEAA9 /* Debug */,
				7232AEFF23F477BB00FAEAA9 /* Release */,
			);
			defaultConfigurationIsVisible = 0;
			defaultConfigurationName = Release;
		};
		7232AF0023F477BB00FAEAA9 /* Build configuration list for PBXNativeTarget "Peak a Card" */ = {
			isa = XCConfigurationList;
			buildConfigurations = (
				7232AF0123F477BB00FAEAA9 /* Debug */,
				7232AF0223F477BB00FAEAA9 /* Release */,
			);
			defaultConfigurationIsVisible = 0;
			defaultConfigurationName = Release;
		};
		7232AF0323F477BB00FAEAA9 /* Build configuration list for PBXNativeTarget "Peak a CardTests" */ = {
			isa = XCConfigurationList;
			buildConfigurations = (
				7232AF0423F477BB00FAEAA9 /* Debug */,
				7232AF0523F477BB00FAEAA9 /* Release */,
			);
			defaultConfigurationIsVisible = 0;
			defaultConfigurationName = Release;
		};
/* End XCConfigurationList section */

/* Begin XCRemoteSwiftPackageReference section */
		7275F66F23F5D60400A8DF54 /* XCRemoteSwiftPackageReference "GridStack" */ = {
			isa = XCRemoteSwiftPackageReference;
			repositoryURL = "https://github.com/pietropizzi/GridStack";
			requirement = {
				kind = upToNextMajorVersion;
				minimumVersion = 0.4.1;
			};
		};
/* End XCRemoteSwiftPackageReference section */

/* Begin XCSwiftPackageProductDependency section */
		7275F67023F5D60400A8DF54 /* GridStack */ = {
			isa = XCSwiftPackageProductDependency;
			package = 7275F66F23F5D60400A8DF54 /* XCRemoteSwiftPackageReference "GridStack" */;
			productName = GridStack;
		};
/* End XCSwiftPackageProductDependency section */
	};
	rootObject = 7232AED923F477B700FAEAA9 /* Project object */;
}
